
Microsoft Visual Studio Solution File, Format Version 12.00
# Visual Studio Version 17
VisualStudioVersion = 17.2.32516.85
MinimumVisualStudioVersion = 10.0.40219.1
Project("{FAE04EC0-301F-11D3-BF4B-00C04F79EFBC}") = "Lesson", "Lesson\Lesson.csproj", "{0EEF7A41-82E3-4C47-A4CC-1D61495881DF}"
EndProject
Global
	GlobalSection(SolutionConfigurationPlatforms) = preSolution
		Debug|Any CPU = Debug|Any CPU
		Release|Any CPU = Release|Any CPU
	EndGlobalSection
	GlobalSection(ProjectConfigurationPlatforms) = postSolution
		{0EEF7A41-82E3-4C47-A4CC-1D61495881DF}.Debug|Any CPU.ActiveCfg = Debug|Any CPU
		{0EEF7A41-82E3-4C47-A4CC-1D61495881DF}.Debug|Any CPU.Build.0 = Debug|Any CPU
		{0EEF7A41-82E3-4C47-A4CC-1D61495881DF}.Release|Any CPU.ActiveCfg = Release|Any CPU
		{0EEF7A41-82E3-4C47-A4CC-1D61495881DF}.Release|Any CPU.Build.0 = Release|Any CPU
	EndGlobalSection
	GlobalSection(SolutionProperties) = preSolution
		HideSolutionNode = FALSE
	EndGlobalSection
	GlobalSection(ExtensibilityGlobals) = postSolution
		SolutionGuid = {37111C62-6A51-4B2F-A5B2-C7177E31CE7D}
	EndGlobalSection
EndGlobal
